convert:
  cmd: python -m spacy run convert
  script:
    - python scripts/convert.py en assets/docs_issues_training.jsonl corpus/train.spacy
    - python scripts/convert.py en assets/docs_issues_eval.jsonl corpus/dev.spacy
  deps:
    - path: assets/docs_issues_training.jsonl
      md5: 6c314369bfa07e2ad3e82a1862b645eb
    - path: assets/docs_issues_eval.jsonl
      md5: 87aff342ed4b6ef080c3bc77484a46d9
    - path: scripts/convert.py
      md5: 81a27c7679f32363bca9cbcd12a366d7
  outs:
    - path: corpus/train.spacy
      md5: 248fb9f3c3e6e2f9684a8dc470b18cca
    - path: corpus/dev.spacy
      md5: 489e49263a8887cdd8821042c35b958d
  spacy_version: 3.6.0
  spacy_git_version: 6fc153a26
train:
  cmd: python -m spacy run train
  script:
    - python -m spacy train configs/config.cfg --output training/ --paths.train corpus/train.spacy
      --paths.dev corpus/dev.spacy --nlp.lang en --gpu-id -1
  deps:
    - path: configs/config.cfg
      md5: a816f3124515782349856290f1d7f384
    - path: corpus/train.spacy
      md5: 248fb9f3c3e6e2f9684a8dc470b18cca
    - path: corpus/dev.spacy
      md5: 489e49263a8887cdd8821042c35b958d
  outs:
    - path: training/model-best
      md5: 26d5a68a1db5e22e3efc0e3e36dc914f
  spacy_version: 3.6.0
  spacy_git_version: 6fc153a26
evaluate:
  cmd: python -m spacy run evaluate
  script:
    - python -m spacy evaluate training/model-best corpus/dev.spacy --output training/metrics.json
  deps:
    - path: corpus/dev.spacy
      md5: 489e49263a8887cdd8821042c35b958d
    - path: training/model-best
      md5: 26d5a68a1db5e22e3efc0e3e36dc914f
  outs:
    - path: training/metrics.json
      md5: 6f0a2e04e4cbafb4b0586e84684dfdb7
  spacy_version: 3.6.0
  spacy_git_version: 6fc153a26
package:
  cmd: python -m spacy run package
  script:
    - python -m spacy package training/model-best packages --name textcat_demo --version
      0.0.2 --force
  deps:
    - path: training/model-best
      md5: 26d5a68a1db5e22e3efc0e3e36dc914f
  outs:
    - path: packages/en_textcat_demo-0.0.2/dist/en_textcat_demo-0.0.2.tar.gz
      md5: 1274fb5858eff58f41b5e6512e22d010
  spacy_version: 3.6.0
  spacy_git_version: 6fc153a26
