convert:
  cmd: python -m spacy run convert
  script:
    - python scripts/convert.py en assets/docs_issues_training.jsonl corpus/train.spacy
    - python scripts/convert.py en assets/docs_issues_eval.jsonl corpus/dev.spacy
  deps:
    - path: assets/docs_issues_training.jsonl
      md5: d7fd363f63d83bffab352bc96309858f
    - path: assets/docs_issues_eval.jsonl
      md5: 0aec5c3a5d57e148e5c05eb83493292d
    - path: scripts/convert.py
      md5: 81a27c7679f32363bca9cbcd12a366d7
  outs:
    - path: corpus/train.spacy
      md5: 51db0eb57e2766e20785bc147f125748
    - path: corpus/dev.spacy
      md5: cb63512ebaeacc967c58d16b7a7414c1
  spacy_version: 3.6.0
  spacy_git_version: 6fc153a26
train:
  cmd: python -m spacy run train
  script:
    - python -m spacy train configs/config.cfg --output training/ --paths.train corpus/train.spacy
      --paths.dev corpus/dev.spacy --nlp.lang en --gpu-id -1
  deps:
    - path: configs/config.cfg
      md5: a816f3124515782349856290f1d7f384
    - path: corpus/train.spacy
      md5: 51db0eb57e2766e20785bc147f125748
    - path: corpus/dev.spacy
      md5: cb63512ebaeacc967c58d16b7a7414c1
  outs:
    - path: training/model-best
      md5: 4a0370e3d9f741d84074e8063100a4df
  spacy_version: 3.6.0
  spacy_git_version: 6fc153a26
evaluate:
  cmd: python -m spacy run evaluate
  script:
    - python -m spacy evaluate training/model-best corpus/dev.spacy --output training/metrics.json
  deps:
    - path: corpus/dev.spacy
      md5: cb63512ebaeacc967c58d16b7a7414c1
    - path: training/model-best
      md5: 4a0370e3d9f741d84074e8063100a4df
  outs:
    - path: training/metrics.json
      md5: 763574ee2122f645c105c5ec57bf06cd
  spacy_version: 3.6.0
  spacy_git_version: 6fc153a26
package:
  cmd: python -m spacy run package
  script:
    - python -m spacy package training/model-best packages --name textcat_demo --version
      0.0.0 --force
  deps:
    - path: training/model-best
      md5: 4a0370e3d9f741d84074e8063100a4df
  outs:
    - path: packages/en_textcat_demo-0.0.0/dist/en_textcat_demo-0.0.0.tar.gz
      md5: b5b2a163d848684f12e077b90a6f8a9a
  spacy_version: 3.6.0
  spacy_git_version: 6fc153a26
