convert:
  cmd: python -m spacy run convert
  script:
    - python scripts/convert.py en assets/docs_issues_training.jsonl corpus/train.spacy
    - python scripts/convert.py en assets/docs_issues_eval.jsonl corpus/dev.spacy
  deps:
    - path: assets/docs_issues_training.jsonl
      md5: 59c21b5f9c700ee84f36904f407f260b
    - path: assets/docs_issues_eval.jsonl
      md5: 0cfca1d4da55def23179c4bdbee28270
    - path: scripts/convert.py
      md5: 81a27c7679f32363bca9cbcd12a366d7
  outs:
    - path: corpus/train.spacy
      md5: 264c7fceb92c1aaa77fc852fe1e00d77
    - path: corpus/dev.spacy
      md5: 441837cfce2f0c59b28378bd83e116b1
  spacy_version: 3.6.0
  spacy_git_version: 6fc153a26
train:
  cmd: python -m spacy run train
  script:
    - python -m spacy train configs/config.cfg --output training/ --paths.train corpus/train.spacy
      --paths.dev corpus/dev.spacy --nlp.lang en --gpu-id -1
  deps:
    - path: configs/config.cfg
      md5: a816f3124515782349856290f1d7f384
    - path: corpus/train.spacy
      md5: 264c7fceb92c1aaa77fc852fe1e00d77
    - path: corpus/dev.spacy
      md5: 441837cfce2f0c59b28378bd83e116b1
  outs:
    - path: training/model-best
      md5: c54e0941e52852ffb876ff9efbdd94ad
  spacy_version: 3.6.0
  spacy_git_version: 6fc153a26
evaluate:
  cmd: python -m spacy run evaluate
  script:
    - python -m spacy evaluate training/model-best corpus/dev.spacy --output training/metrics.json
  deps:
    - path: corpus/dev.spacy
      md5: 441837cfce2f0c59b28378bd83e116b1
    - path: training/model-best
      md5: c54e0941e52852ffb876ff9efbdd94ad
  outs:
    - path: training/metrics.json
      md5: 27582dc980dc4f822e3fd79101ff40fc
  spacy_version: 3.6.0
  spacy_git_version: 6fc153a26
package:
  cmd: python -m spacy run package
  script:
    - python -m spacy package training/model-best packages --name textcat_demo --version
      0.0.0 --force
  deps:
    - path: training/model-best
      md5: c54e0941e52852ffb876ff9efbdd94ad
  outs:
    - path: packages/en_textcat_demo-0.0.0/dist/en_textcat_demo-0.0.0.tar.gz
      md5: cc372b44b403485f3a77ade1087e1dd2
  spacy_version: 3.6.0
  spacy_git_version: 6fc153a26
